
Microsoft Visual Studio Solution File, Format Version 12.00
# Visual Studio Version 17
VisualStudioVersion = 17.1.32210.238
MinimumVisualStudioVersion = 10.0.40219.1
Project("{FAE04EC0-301F-11D3-BF4B-00C04F79EFBC}") = "JQueryCanvas", "JQueryCanvas\JQueryCanvas.csproj", "{1BEF9E90-F55E-45D0-8BF0-6B25ADAC8B9D}"
EndProject
Global
	GlobalSection(SolutionConfigurationPlatforms) = preSolution
		Debug|Any CPU = Debug|Any CPU
		Release|Any CPU = Release|Any CPU
	EndGlobalSection
	GlobalSection(ProjectConfigurationPlatforms) = postSolution
		{1BEF9E90-F55E-45D0-8BF0-6B25ADAC8B9D}.Debug|Any CPU.ActiveCfg = Debug|Any CPU
		{1BEF9E90-F55E-45D0-8BF0-6B25ADAC8B9D}.Debug|Any CPU.Build.0 = Debug|Any CPU
		{1BEF9E90-F55E-45D0-8BF0-6B25ADAC8B9D}.Release|Any CPU.ActiveCfg = Release|Any CPU
		{1BEF9E90-F55E-45D0-8BF0-6B25ADAC8B9D}.Release|Any CPU.Build.0 = Release|Any CPU
	EndGlobalSection
	GlobalSection(SolutionProperties) = preSolution
		HideSolutionNode = FALSE
	EndGlobalSection
	GlobalSection(ExtensibilityGlobals) = postSolution
		SolutionGuid = {D85AF46B-DC88-42E1-821E-789F306DFD79}
	EndGlobalSection
EndGlobal
